PODS:
  - FBSnapshotTestCase (2.0.7):
    - FBSnapshotTestCase/SwiftSupport (= 2.0.7)
  - FBSnapshotTestCase/Core (2.0.7)
  - FBSnapshotTestCase/SwiftSupport (2.0.7):
    - FBSnapshotTestCase/Core
  - XGPush (0.1.0)

DEPENDENCIES:
  - FBSnapshotTestCase
  - XGPush (from `../`)

EXTERNAL SOURCES:
  XGPush:
    :path: ../

SPEC CHECKSUMS:
  FBSnapshotTestCase: 7e85180d0d141a0cf472352edda7e80d7eaeb547
  XGPush: 88266f4c2229d698103e640e29a9023b2f5e6046

COCOAPODS: 0.39.0
